{
  "name": "Not-Fight-Club",
  "lockfileVersion": 3,
  "requires": true,
  "packages": {
    "": {
      "devDependencies": {
        "@eslint/css": "^1.4.0"
      }
    },
    "node_modules/@eslint/core": {
      "version": "1.2.1",
      "resolved": "https://registry.npmjs.org/@eslint/core/-/core-1.2.1.tgz",
      "integrity": "sha512-MwcE1P+AZ4C6DWlpin/OmOA54mmIZ/+xZuJiQd4SyB29oAJjN30UW9wkKNptW2ctp4cEsvhlLY/CsQ1uoHDloQ==",
      "dev": true,
      "dependencies": {
        "@types/json-schema": "^7.0.15"
      },
      "engines": {
        "node": "^20.19.0 || ^22.13.0 || >=24"
      }
    },
    "node_modules/@eslint/css": {
      "version": "1.4.0",
      "resolved": "https://registry.npmjs.org/@eslint/css/-/css-1.4.0.tgz",
      "integrity": "sha512-OnRNKgnbX+tufPuZc2kOJS+v1iIARvfJHRNEAVwN77DBpojl+rGjEP8NKTL6pEZ7BR+HtwIuSSdrymEFlANGxg==",
      "dev": true,
      "dependencies": {
        "@eslint/core": "^1.2.1",
        "@eslint/css-tree": "^4.0.4",
        "@eslint/plugin-kit": "^0.7.2"
      },
      "engines": {
        "node": "^20.19.0 || ^22.13.0 || >=24"
      }
    },
    "node_modules/@eslint/css-tree": {
      "version": "4.0.4",
      "resolved": "https://registry.npmjs.org/@eslint/css-tree/-/css-tree-4.0.4.tgz",
      "integrity": "sha512-nxMparyhqVWQvadx9x8dIfubfIPOE+X2b2waua8fzdnM9vdp9rgVtwEZlG0TmCwEUz/d/f40fzvO/eqBwdxz0A==",
      "dev": true,
      "dependencies": {
        "mdn-data": "2.28.1",
        "source-map-js": "^1.2.1"
      },
      "engines": {
        "node": "^20.19.0 || ^22.13.0 || >=24"
      }
    },
    "node_modules/@eslint/plugin-kit": {
      "version": "0.7.2",
      "resolved": "https://registry.npmjs.org/@eslint/plugin-kit/-/plugin-kit-0.7.2.tgz",
      "integrity": "sha512-+CNAzxglkrpNf/kKywqQfk74QjtceuOE7Qm+AF8miRvPF/wmmK5+OJOgVh3AVTT3RP2mH3+FOaxlE5v72owk0A==",
      "dev": true,
      "dependencies": {
        "@eslint/core": "^1.2.1",
        "levn": "^0.4.1"
      },
      "engines": {
        "node": "^20.19.0 || ^22.13.0 || >=24"
      }
    },
    "node_modules/@types/json-schema": {
      "version": "7.0.15",
      "resolved": "https://registry.npmjs.org/@types/json-schema/-/json-schema-7.0.15.tgz",
      "integrity": "sha512-5+fP8P8MFNC+AyZCDxrB2pkZFPGzqQWUzpSeuuVLvm8VMcorNYavBqoFcxK8bQz4Qsbn4oUEEem4wDLfcysGHA==",
      "dev": true
    },
    "node_modules/levn": {
      "version": "0.4.1",
      "resolved": "https://registry.npmjs.org/levn/-/levn-0.4.1.tgz",
      "integrity": "sha512-+bT2uH4E5LGE7h/n3evcS/sQlJXCpIp6ym8OWJ5eV6+67Dsql/LaaT7qJBAt2rzfoa/5QBGBhxDix1dMt2kQKQ==",
      "dev": true,
      "dependencies": {
        "prelude-ls": "^1.2.1",
        "type-check": "~0.4.0"
      },
      "engines": {
        "node": ">= 0.8.0"
      }
    },
    "node_modules/mdn-data": {
      "version": "2.28.1",
      "resolved": "https://registry.npmjs.org/mdn-data/-/mdn-data-2.28.1.tgz",
      "integrity": "sha512-U9w+PzSZ00Z5m9rZ5ARVFL5xOfuCHdKYi/1RRwDCJsboFgJDNT3zT6PIPD7mZQYaQLhsZM3GfDRgSMRHhSmVng==",
      "dev": true
    },
    "node_modules/prelude-ls": {
      "version": "1.2.1",
      "resolved": "https://registry.npmjs.org/prelude-ls/-/prelude-ls-1.2.1.tgz",
      "integrity": "sha512-vkcDPrRZo1QZLbn5RLGPpg/WmIQ65qoWWhcGKf/b5eplkkarX0m9z8ppCat4mlOqUsWpyNuYgO3VRyrYHSzX5g==",
      "dev": true,
      "engines": {
        "node": ">= 0.8.0"
      }
    },
    "node_modules/source-map-js": {
      "version": "1.2.1",
      "resolved": "https://registry.npmjs.org/source-map-js/-/source-map-js-1.2.1.tgz",
      "integrity": "sha512-UXWMKhLOwVKb728IUtQPXxfYU+usdybtUrK/8uGE8CQMvrhOpwvzDBwj0QhSL7MQc7vIsISBG8VQ8+IDQxpfQA==",
      "dev": true,
      "engines": {
        "node": ">=0.10.0"
      }
    },
    "node_modules/type-check": {
      "version": "0.4.0",
      "resolved": "https://registry.npmjs.org/type-check/-/type-check-0.4.0.tgz",
      "integrity": "sha512-XleUoc9uwGXqjWwXaUTZAmzMcFZ5858QA2vvx1Ur5xIcixXIP+8LnFDgRplU30us6teqdlskFfu+ae4K79Ooew==",
      "dev": true,
      "dependencies": {
        "prelude-ls": "^1.2.1"
      },
      "engines": {
        "node": ">= 0.8.0"
      }
    }
  }
}
